
Microsoft Visual Studio Solution File, Format Version 12.00
# Visual Studio Version 16
VisualStudioVersion = 16.0.30225.117
MinimumVisualStudioVersion = 10.0.40219.1
Project("{FAE04EC0-301F-11D3-BF4B-00C04F79EFBC}") = "AngryMonkeyTestMethod", "AngryMonkeyTestMethod\AngryMonkeyTestMethod.csproj", "{B608E664-6C4F-48F6-8D6F-7A6DC605B7CE}"
EndProject
Global
	GlobalSection(SolutionConfigurationPlatforms) = preSolution
		Debug|Any CPU = Debug|Any CPU
		Release|Any CPU = Release|Any CPU
	EndGlobalSection
	GlobalSection(ProjectConfigurationPlatforms) = postSolution
		{B608E664-6C4F-48F6-8D6F-7A6DC605B7CE}.Debug|Any CPU.ActiveCfg = Debug|Any CPU
		{B608E664-6C4F-48F6-8D6F-7A6DC605B7CE}.Debug|Any CPU.Build.0 = Debug|Any CPU
		{B608E664-6C4F-48F6-8D6F-7A6DC605B7CE}.Release|Any CPU.ActiveCfg = Release|Any CPU
		{B608E664-6C4F-48F6-8D6F-7A6DC605B7CE}.Release|Any CPU.Build.0 = Release|Any CPU
	EndGlobalSection
	GlobalSection(SolutionProperties) = preSolution
		HideSolutionNode = FALSE
	EndGlobalSection
	GlobalSection(ExtensibilityGlobals) = postSolution
		SolutionGuid = {E9D00D17-3F74-471E-B479-B23F22321423}
	EndGlobalSection
EndGlobal
